
Microsoft Visual Studio Solution File, Format Version 12.00
# Visual Studio 14
VisualStudioVersion = 14.0.25420.1
MinimumVisualStudioVersion = 10.0.40219.1
Project("{FAE04EC0-301F-11D3-BF4B-00C04F79EFBC}") = "Lab01_Bai06_MangMotChieu", "Lab01_Bai06_MangMotChieu\Lab01_Bai06_MangMotChieu.csproj", "{CDAB1EC0-BD98-4F68-8D8F-CD4FC7B79B24}"
EndProject
Global
	GlobalSection(SolutionConfigurationPlatforms) = preSolution
		Debug|Any CPU = Debug|Any CPU
		Release|Any CPU = Release|Any CPU
	EndGlobalSection
	GlobalSection(ProjectConfigurationPlatforms) = postSolution
		{CDAB1EC0-BD98-4F68-8D8F-CD4FC7B79B24}.Debug|Any CPU.ActiveCfg = Debug|Any CPU
		{CDAB1EC0-BD98-4F68-8D8F-CD4FC7B79B24}.Debug|Any CPU.Build.0 = Debug|Any CPU
		{CDAB1EC0-BD98-4F68-8D8F-CD4FC7B79B24}.Release|Any CPU.ActiveCfg = Release|Any CPU
		{CDAB1EC0-BD98-4F68-8D8F-CD4FC7B79B24}.Release|Any CPU.Build.0 = Release|Any CPU
	EndGlobalSection
	GlobalSection(SolutionProperties) = preSolution
		HideSolutionNode = FALSE
	EndGlobalSection
EndGlobal
