
Microsoft Visual Studio Solution File, Format Version 12.00
# Visual Studio 14
VisualStudioVersion = 14.0.25420.1
MinimumVisualStudioVersion = 10.0.40219.1
Project("{FAE04EC0-301F-11D3-BF4B-00C04F79EFBC}") = "Lab01_Bai01_VeHinh", "Lab01_Bai01_VeHinh\Lab01_Bai01_VeHinh.csproj", "{F00CF3A8-7A5A-4E84-8D2C-D0436508F4CF}"
EndProject
Project("{FAE04EC0-301F-11D3-BF4B-00C04F79EFBC}") = "Lab01_BaiTap02_XuatDinhDangCot", "Lab01_BaiTap02_XuatDinhDangCot\Lab01_BaiTap02_XuatDinhDangCot.csproj", "{DFF10F44-C113-431D-B7B0-BE7E3915796E}"
EndProject
Project("{FAE04EC0-301F-11D3-BF4B-00C04F79EFBC}") = "Lab01_BaiTap03", "Lab01_BaiTap03\Lab01_BaiTap03.csproj", "{8C69E1E2-CBF1-4256-8585-2AA29BDA636E}"
EndProject
Project("{FAE04EC0-301F-11D3-BF4B-00C04F79EFBC}") = "Lab01_BaiTap04", "Lab01_BaiTap04\Lab01_BaiTap04.csproj", "{83F15AFC-BF4A-4F8A-BDE8-AADEADE364C2}"
EndProject
Project("{FAE04EC0-301F-11D3-BF4B-00C04F79EFBC}") = "Lab01_BaiTap05", "Lab01_BaiTap05\Lab01_BaiTap05.csproj", "{18AF7F8C-E61E-4202-BD65-E2D7A62D8590}"
EndProject
Project("{FAE04EC0-301F-11D3-BF4B-00C04F79EFBC}") = "Lab01_BaiTap07", "Lab01_BaiTap06\Lab01_BaiTap07.csproj", "{763F8287-876D-4136-907B-AB60D22B6EF9}"
EndProject
Project("{FAE04EC0-301F-11D3-BF4B-00C04F79EFBC}") = "Lab01_BaiTap08", "Lab01_BaiTap08\Lab01_BaiTap08.csproj", "{C60CE27D-5387-4A56-B6E0-3A43F02BB52A}"
EndProject
Project("{FAE04EC0-301F-11D3-BF4B-00C04F79EFBC}") = "Lab01_BaiTap09", "Lab01_BaiTap09\Lab01_BaiTap09.csproj", "{E50707E6-9137-41A3-916F-4A83561F1BE8}"
EndProject
Project("{FAE04EC0-301F-11D3-BF4B-00C04F79EFBC}") = "Lab01_BaiTap10", "Lab01_BaiTap10\Lab01_BaiTap10.csproj", "{F7A1A898-F9BA-42AB-85D6-BF51E498A13F}"
EndProject
Project("{FAE04EC0-301F-11D3-BF4B-00C04F79EFBC}") = "Lab01_BaiTapThem01_TinhGiaiThua", "Lab01_BaiTapThem01_TinhGiaiThua\Lab01_BaiTapThem01_TinhGiaiThua.csproj", "{169DC5FD-BDE6-456D-AF90-F8A54C47F603}"
EndProject
Project("{FAE04EC0-301F-11D3-BF4B-00C04F79EFBC}") = "Lab01_BaiTapThem04", "Lab01_BaiTapThem04\Lab01_BaiTapThem04.csproj", "{BB5369B7-3FFF-43FE-BA35-A572728E9B7E}"
EndProject
Project("{FAE04EC0-301F-11D3-BF4B-00C04F79EFBC}") = "Lab01_BaiTapThem05", "Lab01_BaiTapThem05\Lab01_BaiTapThem05.csproj", "{BA4125BF-4C12-4F03-8BA4-0420D09B32EB}"
EndProject
Project("{FAE04EC0-301F-11D3-BF4B-00C04F79EFBC}") = "Lab01_BaiTapThem0607", "Lab01_BaiTapThem06\Lab01_BaiTapThem0607.csproj", "{979B7025-7DFA-44C1-BFF2-0FCA06794046}"
EndProject
Project("{FAE04EC0-301F-11D3-BF4B-00C04F79EFBC}") = "Lab01_BaiTapThem09", "Lab01_BaiTapThem09\Lab01_BaiTapThem09.csproj", "{5D084F19-00D4-49A3-AC96-7D1181912E76}"
EndProject
Project("{FAE04EC0-301F-11D3-BF4B-00C04F79EFBC}") = "Lab01_BaiTapThem10", "Lab01_BaiTapThem10\Lab01_BaiTapThem10.csproj", "{859F8EEF-44B1-4ADD-9FD2-CA50F8F6B4E4}"
EndProject
Global
	GlobalSection(SolutionConfigurationPlatforms) = preSolution
		Debug|Any CPU = Debug|Any CPU
		Release|Any CPU = Release|Any CPU
	EndGlobalSection
	GlobalSection(ProjectConfigurationPlatforms) = postSolution
		{F00CF3A8-7A5A-4E84-8D2C-D0436508F4CF}.Debug|Any CPU.ActiveCfg = Debug|Any CPU
		{F00CF3A8-7A5A-4E84-8D2C-D0436508F4CF}.Debug|Any CPU.Build.0 = Debug|Any CPU
		{F00CF3A8-7A5A-4E84-8D2C-D0436508F4CF}.Release|Any CPU.ActiveCfg = Release|Any CPU
		{F00CF3A8-7A5A-4E84-8D2C-D0436508F4CF}.Release|Any CPU.Build.0 = Release|Any CPU
		{DFF10F44-C113-431D-B7B0-BE7E3915796E}.Debug|Any CPU.ActiveCfg = Debug|Any CPU
		{DFF10F44-C113-431D-B7B0-BE7E3915796E}.Debug|Any CPU.Build.0 = Debug|Any CPU
		{DFF10F44-C113-431D-B7B0-BE7E3915796E}.Release|Any CPU.ActiveCfg = Release|Any CPU
		{DFF10F44-C113-431D-B7B0-BE7E3915796E}.Release|Any CPU.Build.0 = Release|Any CPU
		{8C69E1E2-CBF1-4256-8585-2AA29BDA636E}.Debug|Any CPU.ActiveCfg = Debug|Any CPU
		{8C69E1E2-CBF1-4256-8585-2AA29BDA636E}.Debug|Any CPU.Build.0 = Debug|Any CPU
		{8C69E1E2-CBF1-4256-8585-2AA29BDA636E}.Release|Any CPU.ActiveCfg = Release|Any CPU
		{8C69E1E2-CBF1-4256-8585-2AA29BDA636E}.Release|Any CPU.Build.0 = Release|Any CPU
		{83F15AFC-BF4A-4F8A-BDE8-AADEADE364C2}.Debug|Any CPU.ActiveCfg = Debug|Any CPU
		{83F15AFC-BF4A-4F8A-BDE8-AADEADE364C2}.Debug|Any CPU.Build.0 = Debug|Any CPU
		{83F15AFC-BF4A-4F8A-BDE8-AADEADE364C2}.Release|Any CPU.ActiveCfg = Release|Any CPU
		{83F15AFC-BF4A-4F8A-BDE8-AADEADE364C2}.Release|Any CPU.Build.0 = Release|Any CPU
		{18AF7F8C-E61E-4202-BD65-E2D7A62D8590}.Debug|Any CPU.ActiveCfg = Debug|Any CPU
		{18AF7F8C-E61E-4202-BD65-E2D7A62D8590}.Debug|Any CPU.Build.0 = Debug|Any CPU
		{18AF7F8C-E61E-4202-BD65-E2D7A62D8590}.Release|Any CPU.ActiveCfg = Release|Any CPU
		{18AF7F8C-E61E-4202-BD65-E2D7A62D8590}.Release|Any CPU.Build.0 = Release|Any CPU
		{763F8287-876D-4136-907B-AB60D22B6EF9}.Debug|Any CPU.ActiveCfg = Debug|Any CPU
		{763F8287-876D-4136-907B-AB60D22B6EF9}.Debug|Any CPU.Build.0 = Debug|Any CPU
		{763F8287-876D-4136-907B-AB60D22B6EF9}.Release|Any CPU.ActiveCfg = Release|Any CPU
		{763F8287-876D-4136-907B-AB60D22B6EF9}.Release|Any CPU.Build.0 = Release|Any CPU
		{C60CE27D-5387-4A56-B6E0-3A43F02BB52A}.Debug|Any CPU.ActiveCfg = Debug|Any CPU
		{C60CE27D-5387-4A56-B6E0-3A43F02BB52A}.Debug|Any CPU.Build.0 = Debug|Any CPU
		{C60CE27D-5387-4A56-B6E0-3A43F02BB52A}.Release|Any CPU.ActiveCfg = Release|Any CPU
		{C60CE27D-5387-4A56-B6E0-3A43F02BB52A}.Release|Any CPU.Build.0 = Release|Any CPU
		{E50707E6-9137-41A3-916F-4A83561F1BE8}.Debug|Any CPU.ActiveCfg = Debug|Any CPU
		{E50707E6-9137-41A3-916F-4A83561F1BE8}.Debug|Any CPU.Build.0 = Debug|Any CPU
		{E50707E6-9137-41A3-916F-4A83561F1BE8}.Release|Any CPU.ActiveCfg = Release|Any CPU
		{E50707E6-9137-41A3-916F-4A83561F1BE8}.Release|Any CPU.Build.0 = Release|Any CPU
		{F7A1A898-F9BA-42AB-85D6-BF51E498A13F}.Debug|Any CPU.ActiveCfg = Debug|Any CPU
		{F7A1A898-F9BA-42AB-85D6-BF51E498A13F}.Debug|Any CPU.Build.0 = Debug|Any CPU
		{F7A1A898-F9BA-42AB-85D6-BF51E498A13F}.Release|Any CPU.ActiveCfg = Release|Any CPU
		{F7A1A898-F9BA-42AB-85D6-BF51E498A13F}.Release|Any CPU.Build.0 = Release|Any CPU
		{169DC5FD-BDE6-456D-AF90-F8A54C47F603}.Debug|Any CPU.ActiveCfg = Debug|Any CPU
		{169DC5FD-BDE6-456D-AF90-F8A54C47F603}.Debug|Any CPU.Build.0 = Debug|Any CPU
		{169DC5FD-BDE6-456D-AF90-F8A54C47F603}.Release|Any CPU.ActiveCfg = Release|Any CPU
		{169DC5FD-BDE6-456D-AF90-F8A54C47F603}.Release|Any CPU.Build.0 = Release|Any CPU
		{BB5369B7-3FFF-43FE-BA35-A572728E9B7E}.Debug|Any CPU.ActiveCfg = Debug|Any CPU
		{BB5369B7-3FFF-43FE-BA35-A572728E9B7E}.Debug|Any CPU.Build.0 = Debug|Any CPU
		{BB5369B7-3FFF-43FE-BA35-A572728E9B7E}.Release|Any CPU.ActiveCfg = Release|Any CPU
		{BB5369B7-3FFF-43FE-BA35-A572728E9B7E}.Release|Any CPU.Build.0 = Release|Any CPU
		{BA4125BF-4C12-4F03-8BA4-0420D09B32EB}.Debug|Any CPU.ActiveCfg = Debug|Any CPU
		{BA4125BF-4C12-4F03-8BA4-0420D09B32EB}.Debug|Any CPU.Build.0 = Debug|Any CPU
		{BA4125BF-4C12-4F03-8BA4-0420D09B32EB}.Release|Any CPU.ActiveCfg = Release|Any CPU
		{BA4125BF-4C12-4F03-8BA4-0420D09B32EB}.Release|Any CPU.Build.0 = Release|Any CPU
		{979B7025-7DFA-44C1-BFF2-0FCA06794046}.Debug|Any CPU.ActiveCfg = Debug|Any CPU
		{979B7025-7DFA-44C1-BFF2-0FCA06794046}.Debug|Any CPU.Build.0 = Debug|Any CPU
		{979B7025-7DFA-44C1-BFF2-0FCA06794046}.Release|Any CPU.ActiveCfg = Release|Any CPU
		{979B7025-7DFA-44C1-BFF2-0FCA06794046}.Release|Any CPU.Build.0 = Release|Any CPU
		{5D084F19-00D4-49A3-AC96-7D1181912E76}.Debug|Any CPU.ActiveCfg = Debug|Any CPU
		{5D084F19-00D4-49A3-AC96-7D1181912E76}.Debug|Any CPU.Build.0 = Debug|Any CPU
		{5D084F19-00D4-49A3-AC96-7D1181912E76}.Release|Any CPU.ActiveCfg = Release|Any CPU
		{5D084F19-00D4-49A3-AC96-7D1181912E76}.Release|Any CPU.Build.0 = Release|Any CPU
		{859F8EEF-44B1-4ADD-9FD2-CA50F8F6B4E4}.Debug|Any CPU.ActiveCfg = Debug|Any CPU
		{859F8EEF-44B1-4ADD-9FD2-CA50F8F6B4E4}.Debug|Any CPU.Build.0 = Debug|Any CPU
		{859F8EEF-44B1-4ADD-9FD2-CA50F8F6B4E4}.Release|Any CPU.ActiveCfg = Release|Any CPU
		{859F8EEF-44B1-4ADD-9FD2-CA50F8F6B4E4}.Release|Any CPU.Build.0 = Release|Any CPU
	EndGlobalSection
	GlobalSection(SolutionProperties) = preSolution
		HideSolutionNode = FALSE
	EndGlobalSection
EndGlobal
